
Microsoft Visual Studio Solution File, Format Version 12.00
# Visual Studio Version 17
VisualStudioVersion = 17.3.32929.385
MinimumVisualStudioVersion = 10.0.40219.1
Project("{FAE04EC0-301F-11D3-BF4B-00C04F79EFBC}") = "ArtistMaxSite", "ArtistMaxSite.csproj", "{99DFC68A-C715-43EC-8516-D58AE51946EE}"
EndProject
Global
	GlobalSection(SolutionConfigurationPlatforms) = preSolution
		Debug|Any CPU = Debug|Any CPU
		Release|Any CPU = Release|Any CPU
	EndGlobalSection
	GlobalSection(ProjectConfigurationPlatforms) = postSolution
		{99DFC68A-C715-43EC-8516-D58AE51946EE}.Debug|Any CPU.ActiveCfg = Debug|Any CPU
		{99DFC68A-C715-43EC-8516-D58AE51946EE}.Debug|Any CPU.Build.0 = Debug|Any CPU
		{99DFC68A-C715-43EC-8516-D58AE51946EE}.Release|Any CPU.ActiveCfg = Release|Any CPU
		{99DFC68A-C715-43EC-8516-D58AE51946EE}.Release|Any CPU.Build.0 = Release|Any CPU
	EndGlobalSection
	GlobalSection(SolutionProperties) = preSolution
		HideSolutionNode = FALSE
	EndGlobalSection
	GlobalSection(ExtensibilityGlobals) = postSolution
		SolutionGuid = {AC873EEB-CB67-4BBC-9D19-3F3E4C3484DB}
	EndGlobalSection
EndGlobal
